Microsoft Visual Studio Solution File, Format Version 12.00
# Visual Studio 15
VisualStudioVersion = 15.0.27428.2005
MinimumVisualStudioVersion = 10.0.40219.1
Project("{FAE04EC0-301F-11D3-BF4B-00C04F79EFBC}") = "Microsoft.Bot.Sample.ProactiveBot", "Microsoft.Bot.Sample.ProactiveBot.csproj", "{9C7E3A46-B60F-4052-9A21-DC8D1A942216}"
EndProject
Project("{FAE04EC0-301F-11D3-BF4B-00C04F79EFBC}") = "Database_Connection", "Database_Connection\Database_Connection.csproj", "{0AC815EE-7676-437C-A3DC-4BB0BCD87E6D}"
EndProject
Global
	GlobalSection(SolutionConfigurationPlatforms) = preSolution
		Debug|Any CPU = Debug|Any CPU
		Release|Any CPU = Release|Any CPU
	EndGlobalSection
	GlobalSection(ProjectConfigurationPlatforms) = postSolution
		{9C7E3A46-B60F-4052-9A21-DC8D1A942216}.Debug|Any CPU.ActiveCfg = Debug|Any CPU
		{9C7E3A46-B60F-4052-9A21-DC8D1A942216}.Debug|Any CPU.Build.0 = Debug|Any CPU
		{9C7E3A46-B60F-4052-9A21-DC8D1A942216}.Release|Any CPU.ActiveCfg = Release|Any CPU
		{9C7E3A46-B60F-4052-9A21-DC8D1A942216}.Release|Any CPU.Build.0 = Release|Any CPU
		{0AC815EE-7676-437C-A3DC-4BB0BCD87E6D}.Debug|Any CPU.ActiveCfg = Debug|Any CPU
		{0AC815EE-7676-437C-A3DC-4BB0BCD87E6D}.Debug|Any CPU.Build.0 = Debug|Any CPU
		{0AC815EE-7676-437C-A3DC-4BB0BCD87E6D}.Release|Any CPU.ActiveCfg = Release|Any CPU
		{0AC815EE-7676-437C-A3DC-4BB0BCD87E6D}.Release|Any CPU.Build.0 = Release|Any CPU
	EndGlobalSection
	GlobalSection(SolutionProperties) = preSolution
		HideSolutionNode = FALSE
	EndGlobalSection
	GlobalSection(ExtensibilityGlobals) = postSolution
		SolutionGuid = {45D2A66B-E96E-4E48-9E9A-5F53A192A79C}
	EndGlobalSection
EndGlobal
